
Microsoft Visual Studio Solution File, Format Version 12.00
# Visual Studio Version 16
VisualStudioVersion = 16.0.31515.178
MinimumVisualStudioVersion = 10.0.40219.1
Project("{FAE04EC0-301F-11D3-BF4B-00C04F79EFBC}") = "TestDocker", "TestDocker\TestDocker.csproj", "{E486AB1C-6ED0-4077-BEB5-81AE9D547F73}"
EndProject
Global
	GlobalSection(SolutionConfigurationPlatforms) = preSolution
		Debug|Any CPU = Debug|Any CPU
		Release|Any CPU = Release|Any CPU
	EndGlobalSection
	GlobalSection(ProjectConfigurationPlatforms) = postSolution
		{E486AB1C-6ED0-4077-BEB5-81AE9D547F73}.Debug|Any CPU.ActiveCfg = Debug|Any CPU
		{E486AB1C-6ED0-4077-BEB5-81AE9D547F73}.Debug|Any CPU.Build.0 = Debug|Any CPU
		{E486AB1C-6ED0-4077-BEB5-81AE9D547F73}.Release|Any CPU.ActiveCfg = Release|Any CPU
		{E486AB1C-6ED0-4077-BEB5-81AE9D547F73}.Release|Any CPU.Build.0 = Release|Any CPU
	EndGlobalSection
	GlobalSection(SolutionProperties) = preSolution
		HideSolutionNode = FALSE
	EndGlobalSection
	GlobalSection(ExtensibilityGlobals) = postSolution
		SolutionGuid = {05C310C7-1452-494E-99E2-F7093346E64F}
	EndGlobalSection
EndGlobal
